<?xml version="1.0" encoding="utf-8"?>
<Project ToolsVersion="4.0" xmlns="http://schemas.microsoft.com/developer/msbuild/2003">
  <ItemGroup>
    <Filter Include="Source Files">
      <UniqueIdentifier>{4FC737F1-C7A5-4376-A066-2A32D752A2FF}</UniqueIdentifier>
      <Extensions>cpp;c;cc;cxx;c++;cppm;ixx;def;odl;idl;hpj;bat;asm;asmx</Extensions>
    </Filter>
    <Filter Include="Header Files">
      <UniqueIdentifier>{93995380-89BD-4b04-88EB-625FBE52EBFB}</UniqueIdentifier>
      <Extensions>h;hh;hpp;hxx;h++;hm;inl;inc;ipp;xsd</Extensions>
    </Filter>
    <Filter Include="Resource Files">
      <UniqueIdentifier>{67DA6AB6-F800-4c08-8B7A-83BB121AAD01}</UniqueIdentifier>
      <Extensions>rc;ico;cur;bmp;dlg;rc2;rct;bin;rgs;gif;jpg;jpeg;jpe;resx;tiff;tif;png;wav;mfcribbon-ms</Extensions>
    </Filter>
    <Filter Include="hidapi">
      <UniqueIdentifier>{3819c4ab-a03d-4a60-8408-dee8265293f7}</UniqueIdentifier>
    </Filter>
    <Filter Include="hid-report-parser">
      <UniqueIdentifier>{9ffef2cb-b02e-410a-890e-2d18fa9ce440}</UniqueIdentifier>
    </Filter>
  </ItemGroup>
  <ItemGroup>
    <ClCompile Include="OpenPinballDeviceLib.cpp">
      <Filter>Source Files</Filter>
    </ClCompile>
    <ClCompile Include="hidapi\windows\hid.c">
      <Filter>hidapi</Filter>
    </ClCompile>
    <ClCompile Include="hid-report-parser\hid_report_parser.cpp">
      <Filter>hid-report-parser</Filter>
    </ClCompile>
  </ItemGroup>
  <ItemGroup>
    <ClInclude Include="OpenPinballDeviceLib.h">
      <Filter>Header Files</Filter>
    </ClInclude>
    <ClInclude Include="hidapi\hidapi.h">
      <Filter>hidapi</Filter>
    </ClInclude>
    <ClInclude Include="hid-report-parser\hid_report_parser.h">
      <Filter>hid-report-parser</Filter>
    </ClInclude>
  </ItemGroup>
</Project>