
Microsoft Visual Studio Solution File, Format Version 12.00
# Visual Studio Version 17
VisualStudioVersion = 17.5.33424.131
MinimumVisualStudioVersion = 10.0.40219.1
Project("{8BC9CEB8-8B4A-11D0-8D11-00A0C91BC942}") = "CmdLineConfigTool", "CmdLineConfigTool\CmdLineConfigTool.vcxproj", "{6244B91C-76E2-4A04-9B20-AA7F801A7614}"
	ProjectSection(ProjectDependencies) = postProject
		{E9CE623B-BA52-400B-8358-8561FB5095FE} = {E9CE623B-BA52-400B-8358-8561FB5095FE}
	EndProjectSection
EndProject
Project("{8BC9CEB8-8B4A-11D0-8D11-00A0C91BC942}") = "StatusLED", "StatusLED\StatusLED.vcxproj", "{C1630E88-747C-40D2-9265-39FB8181CFA8}"
	ProjectSection(ProjectDependencies) = postProject
		{E9CE623B-BA52-400B-8358-8561FB5095FE} = {E9CE623B-BA52-400B-8358-8561FB5095FE}
	EndProjectSection
EndProject
Project("{8BC9CEB8-8B4A-11D0-8D11-00A0C91BC942}") = "PinscapePicoAPI", "WinAPI\PinscapePicoAPI.vcxproj", "{E9CE623B-BA52-400B-8358-8561FB5095FE}"
EndProject
Project("{8BC9CEB8-8B4A-11D0-8D11-00A0C91BC942}") = "GUIConfigTool", "GuiConfigTool\GUIConfigTool.vcxproj", "{030E6C71-CDCC-2944-2EEF-49DAE85ECBA6}"
	ProjectSection(ProjectDependencies) = postProject
		{19CCA8B8-46B9-4609-B7CE-198DA19F07BD} = {19CCA8B8-46B9-4609-B7CE-198DA19F07BD}
		{1F0B1E90-62B2-4982-A934-71B149489568} = {1F0B1E90-62B2-4982-A934-71B149489568}
		{E9CE623B-BA52-400B-8358-8561FB5095FE} = {E9CE623B-BA52-400B-8358-8561FB5095FE}
		{FE8353D6-73BC-4F0B-8AEE-36F64F544CBE} = {FE8353D6-73BC-4F0B-8AEE-36F64F544CBE}
	EndProjectSection
EndProject
Project("{8BC9CEB8-8B4A-11D0-8D11-00A0C91BC942}") = "Scintilla", "Scintilla\win32\Scintilla.vcxproj", "{19CCA8B8-46B9-4609-B7CE-198DA19F07BD}"
EndProject
Project("{8BC9CEB8-8B4A-11D0-8D11-00A0C91BC942}") = "ConfigDocParser", "ConfigDocParser\ConfigDocParser.vcxproj", "{FE8353D6-73BC-4F0B-8AEE-36F64F544CBE}"
EndProject
Project("{8BC9CEB8-8B4A-11D0-8D11-00A0C91BC942}") = "ButtonLatencyTester", "ButtonLatencyTester\ButtonLatencyTester.vcxproj", "{B2BACFBE-4915-4BEC-8AB5-7AA42B73DFD0}"
	ProjectSection(ProjectDependencies) = postProject
		{E9CE623B-BA52-400B-8358-8561FB5095FE} = {E9CE623B-BA52-400B-8358-8561FB5095FE}
	EndProjectSection
EndProject
Project("{8BC9CEB8-8B4A-11D0-8D11-00A0C91BC942}") = "OpenPinballDeviceLib", "OpenPinballDevice\OpenPinballDeviceLib\OpenPinballDeviceLib.vcxproj", "{1F0B1E90-62B2-4982-A934-71B149489568}"
EndProject
Project("{8BC9CEB8-8B4A-11D0-8D11-00A0C91BC942}") = "ButtonLatencyTester2", "ButtonLatencyTester2\WinHost\ButtonLatencyTester2.vcxproj", "{8D5253EA-4AD9-4DD0-8991-B91D36487826}"
EndProject
Global
	GlobalSection(SolutionConfigurationPlatforms) = preSolution
		Debug|ARM64 = Debug|ARM64
		Debug|x64 = Debug|x64
		Debug|x86 = Debug|x86
		Release|ARM64 = Release|ARM64
		Release|x64 = Release|x64
		Release|x86 = Release|x86
	EndGlobalSection
	GlobalSection(ProjectConfigurationPlatforms) = postSolution
		{6244B91C-76E2-4A04-9B20-AA7F801A7614}.Debug|ARM64.ActiveCfg = Debug|x64
		{6244B91C-76E2-4A04-9B20-AA7F801A7614}.Debug|ARM64.Build.0 = Debug|x64
		{6244B91C-76E2-4A04-9B20-AA7F801A7614}.Debug|x64.ActiveCfg = Debug|x64
		{6244B91C-76E2-4A04-9B20-AA7F801A7614}.Debug|x64.Build.0 = Debug|x64
		{6244B91C-76E2-4A04-9B20-AA7F801A7614}.Debug|x86.ActiveCfg = Debug|Win32
		{6244B91C-76E2-4A04-9B20-AA7F801A7614}.Debug|x86.Build.0 = Debug|Win32
		{6244B91C-76E2-4A04-9B20-AA7F801A7614}.Release|ARM64.ActiveCfg = Release|x64
		{6244B91C-76E2-4A04-9B20-AA7F801A7614}.Release|ARM64.Build.0 = Release|x64
		{6244B91C-76E2-4A04-9B20-AA7F801A7614}.Release|x64.ActiveCfg = Release|x64
		{6244B91C-76E2-4A04-9B20-AA7F801A7614}.Release|x64.Build.0 = Release|x64
		{6244B91C-76E2-4A04-9B20-AA7F801A7614}.Release|x86.ActiveCfg = Release|Win32
		{6244B91C-76E2-4A04-9B20-AA7F801A7614}.Release|x86.Build.0 = Release|Win32
		{C1630E88-747C-40D2-9265-39FB8181CFA8}.Debug|ARM64.ActiveCfg = Debug|x64
		{C1630E88-747C-40D2-9265-39FB8181CFA8}.Debug|ARM64.Build.0 = Debug|x64
		{C1630E88-747C-40D2-9265-39FB8181CFA8}.Debug|x64.ActiveCfg = Debug|x64
		{C1630E88-747C-40D2-9265-39FB8181CFA8}.Debug|x64.Build.0 = Debug|x64
		{C1630E88-747C-40D2-9265-39FB8181CFA8}.Debug|x86.ActiveCfg = Debug|Win32
		{C1630E88-747C-40D2-9265-39FB8181CFA8}.Debug|x86.Build.0 = Debug|Win32
		{C1630E88-747C-40D2-9265-39FB8181CFA8}.Release|ARM64.ActiveCfg = Release|x64
		{C1630E88-747C-40D2-9265-39FB8181CFA8}.Release|ARM64.Build.0 = Release|x64
		{C1630E88-747C-40D2-9265-39FB8181CFA8}.Release|x64.ActiveCfg = Release|x64
		{C1630E88-747C-40D2-9265-39FB8181CFA8}.Release|x64.Build.0 = Release|x64
		{C1630E88-747C-40D2-9265-39FB8181CFA8}.Release|x86.ActiveCfg = Release|Win32
		{C1630E88-747C-40D2-9265-39FB8181CFA8}.Release|x86.Build.0 = Release|Win32
		{E9CE623B-BA52-400B-8358-8561FB5095FE}.Debug|ARM64.ActiveCfg = Debug|x64
		{E9CE623B-BA52-400B-8358-8561FB5095FE}.Debug|ARM64.Build.0 = Debug|x64
		{E9CE623B-BA52-400B-8358-8561FB5095FE}.Debug|x64.ActiveCfg = Debug|x64
		{E9CE623B-BA52-400B-8358-8561FB5095FE}.Debug|x64.Build.0 = Debug|x64
		{E9CE623B-BA52-400B-8358-8561FB5095FE}.Debug|x86.ActiveCfg = Debug|Win32
		{E9CE623B-BA52-400B-8358-8561FB5095FE}.Debug|x86.Build.0 = Debug|Win32
		{E9CE623B-BA52-400B-8358-8561FB5095FE}.Release|ARM64.ActiveCfg = Release|x64
		{E9CE623B-BA52-400B-8358-8561FB5095FE}.Release|ARM64.Build.0 = Release|x64
		{E9CE623B-BA52-400B-8358-8561FB5095FE}.Release|x64.ActiveCfg = Release|x64
		{E9CE623B-BA52-400B-8358-8561FB5095FE}.Release|x64.Build.0 = Release|x64
		{E9CE623B-BA52-400B-8358-8561FB5095FE}.Release|x86.ActiveCfg = Release|Win32
		{E9CE623B-BA52-400B-8358-8561FB5095FE}.Release|x86.Build.0 = Release|Win32
		{030E6C71-CDCC-2944-2EEF-49DAE85ECBA6}.Debug|ARM64.ActiveCfg = Debug|x64
		{030E6C71-CDCC-2944-2EEF-49DAE85ECBA6}.Debug|ARM64.Build.0 = Debug|x64
		{030E6C71-CDCC-2944-2EEF-49DAE85ECBA6}.Debug|x64.ActiveCfg = Debug|x64
		{030E6C71-CDCC-2944-2EEF-49DAE85ECBA6}.Debug|x64.Build.0 = Debug|x64
		{030E6C71-CDCC-2944-2EEF-49DAE85ECBA6}.Debug|x86.ActiveCfg = Debug|Win32
		{030E6C71-CDCC-2944-2EEF-49DAE85ECBA6}.Debug|x86.Build.0 = Debug|Win32
		{030E6C71-CDCC-2944-2EEF-49DAE85ECBA6}.Release|ARM64.ActiveCfg = Release|x64
		{030E6C71-CDCC-2944-2EEF-49DAE85ECBA6}.Release|ARM64.Build.0 = Release|x64
		{030E6C71-CDCC-2944-2EEF-49DAE85ECBA6}.Release|x64.ActiveCfg = Release|x64
		{030E6C71-CDCC-2944-2EEF-49DAE85ECBA6}.Release|x64.Build.0 = Release|x64
		{030E6C71-CDCC-2944-2EEF-49DAE85ECBA6}.Release|x86.ActiveCfg = Release|Win32
		{030E6C71-CDCC-2944-2EEF-49DAE85ECBA6}.Release|x86.Build.0 = Release|Win32
		{19CCA8B8-46B9-4609-B7CE-198DA19F07BD}.Debug|ARM64.ActiveCfg = Debug|ARM64
		{19CCA8B8-46B9-4609-B7CE-198DA19F07BD}.Debug|ARM64.Build.0 = Debug|ARM64
		{19CCA8B8-46B9-4609-B7CE-198DA19F07BD}.Debug|x64.ActiveCfg = Debug|x64
		{19CCA8B8-46B9-4609-B7CE-198DA19F07BD}.Debug|x64.Build.0 = Debug|x64
		{19CCA8B8-46B9-4609-B7CE-198DA19F07BD}.Debug|x86.ActiveCfg = Debug|Win32
		{19CCA8B8-46B9-4609-B7CE-198DA19F07BD}.Debug|x86.Build.0 = Debug|Win32
		{19CCA8B8-46B9-4609-B7CE-198DA19F07BD}.Release|ARM64.ActiveCfg = Release|ARM64
		{19CCA8B8-46B9-4609-B7CE-198DA19F07BD}.Release|ARM64.Build.0 = Release|ARM64
		{19CCA8B8-46B9-4609-B7CE-198DA19F07BD}.Release|x64.ActiveCfg = Release|x64
		{19CCA8B8-46B9-4609-B7CE-198DA19F07BD}.Release|x64.Build.0 = Release|x64
		{19CCA8B8-46B9-4609-B7CE-198DA19F07BD}.Release|x86.ActiveCfg = Release|Win32
		{19CCA8B8-46B9-4609-B7CE-198DA19F07BD}.Release|x86.Build.0 = Release|Win32
		{FE8353D6-73BC-4F0B-8AEE-36F64F544CBE}.Debug|ARM64.ActiveCfg = Debug|x64
		{FE8353D6-73BC-4F0B-8AEE-36F64F544CBE}.Debug|ARM64.Build.0 = Debug|x64
		{FE8353D6-73BC-4F0B-8AEE-36F64F544CBE}.Debug|x64.ActiveCfg = Debug|x64
		{FE8353D6-73BC-4F0B-8AEE-36F64F544CBE}.Debug|x64.Build.0 = Debug|x64
		{FE8353D6-73BC-4F0B-8AEE-36F64F544CBE}.Debug|x86.ActiveCfg = Debug|Win32
		{FE8353D6-73BC-4F0B-8AEE-36F64F544CBE}.Debug|x86.Build.0 = Debug|Win32
		{FE8353D6-73BC-4F0B-8AEE-36F64F544CBE}.Release|ARM64.ActiveCfg = Release|x64
		{FE8353D6-73BC-4F0B-8AEE-36F64F544CBE}.Release|ARM64.Build.0 = Release|x64
		{FE8353D6-73BC-4F0B-8AEE-36F64F544CBE}.Release|x64.ActiveCfg = Release|x64
		{FE8353D6-73BC-4F0B-8AEE-36F64F544CBE}.Release|x64.Build.0 = Release|x64
		{FE8353D6-73BC-4F0B-8AEE-36F64F544CBE}.Release|x86.ActiveCfg = Release|Win32
		{FE8353D6-73BC-4F0B-8AEE-36F64F544CBE}.Release|x86.Build.0 = Release|Win32
		{B2BACFBE-4915-4BEC-8AB5-7AA42B73DFD0}.Debug|ARM64.ActiveCfg = Debug|x64
		{B2BACFBE-4915-4BEC-8AB5-7AA42B73DFD0}.Debug|ARM64.Build.0 = Debug|x64
		{B2BACFBE-4915-4BEC-8AB5-7AA42B73DFD0}.Debug|x64.ActiveCfg = Debug|x64
		{B2BACFBE-4915-4BEC-8AB5-7AA42B73DFD0}.Debug|x64.Build.0 = Debug|x64
		{B2BACFBE-4915-4BEC-8AB5-7AA42B73DFD0}.Debug|x86.ActiveCfg = Debug|Win32
		{B2BACFBE-4915-4BEC-8AB5-7AA42B73DFD0}.Debug|x86.Build.0 = Debug|Win32
		{B2BACFBE-4915-4BEC-8AB5-7AA42B73DFD0}.Release|ARM64.ActiveCfg = Release|x64
		{B2BACFBE-4915-4BEC-8AB5-7AA42B73DFD0}.Release|ARM64.Build.0 = Release|x64
		{B2BACFBE-4915-4BEC-8AB5-7AA42B73DFD0}.Release|x64.ActiveCfg = Release|x64
		{B2BACFBE-4915-4BEC-8AB5-7AA42B73DFD0}.Release|x64.Build.0 = Release|x64
		{B2BACFBE-4915-4BEC-8AB5-7AA42B73DFD0}.Release|x86.ActiveCfg = Release|Win32
		{B2BACFBE-4915-4BEC-8AB5-7AA42B73DFD0}.Release|x86.Build.0 = Release|Win32
		{1F0B1E90-62B2-4982-A934-71B149489568}.Debug|ARM64.ActiveCfg = Debug|x64
		{1F0B1E90-62B2-4982-A934-71B149489568}.Debug|ARM64.Build.0 = Debug|x64
		{1F0B1E90-62B2-4982-A934-71B149489568}.Debug|x64.ActiveCfg = Debug|x64
		{1F0B1E90-62B2-4982-A934-71B149489568}.Debug|x64.Build.0 = Debug|x64
		{1F0B1E90-62B2-4982-A934-71B149489568}.Debug|x86.ActiveCfg = Debug|Win32
		{1F0B1E90-62B2-4982-A934-71B149489568}.Debug|x86.Build.0 = Debug|Win32
		{1F0B1E90-62B2-4982-A934-71B149489568}.Release|ARM64.ActiveCfg = Release|x64
		{1F0B1E90-62B2-4982-A934-71B149489568}.Release|ARM64.Build.0 = Release|x64
		{1F0B1E90-62B2-4982-A934-71B149489568}.Release|x64.ActiveCfg = Release|x64
		{1F0B1E90-62B2-4982-A934-71B149489568}.Release|x64.Build.0 = Release|x64
		{1F0B1E90-62B2-4982-A934-71B149489568}.Release|x86.ActiveCfg = Release|Win32
		{1F0B1E90-62B2-4982-A934-71B149489568}.Release|x86.Build.0 = Release|Win32
		{8D5253EA-4AD9-4DD0-8991-B91D36487826}.Debug|ARM64.ActiveCfg = Debug|x64
		{8D5253EA-4AD9-4DD0-8991-B91D36487826}.Debug|ARM64.Build.0 = Debug|x64
		{8D5253EA-4AD9-4DD0-8991-B91D36487826}.Debug|x64.ActiveCfg = Debug|x64
		{8D5253EA-4AD9-4DD0-8991-B91D36487826}.Debug|x64.Build.0 = Debug|x64
		{8D5253EA-4AD9-4DD0-8991-B91D36487826}.Debug|x86.ActiveCfg = Debug|Win32
		{8D5253EA-4AD9-4DD0-8991-B91D36487826}.Debug|x86.Build.0 = Debug|Win32
		{8D5253EA-4AD9-4DD0-8991-B91D36487826}.Release|ARM64.ActiveCfg = Release|x64
		{8D5253EA-4AD9-4DD0-8991-B91D36487826}.Release|ARM64.Build.0 = Release|x64
		{8D5253EA-4AD9-4DD0-8991-B91D36487826}.Release|x64.ActiveCfg = Release|x64
		{8D5253EA-4AD9-4DD0-8991-B91D36487826}.Release|x64.Build.0 = Release|x64
		{8D5253EA-4AD9-4DD0-8991-B91D36487826}.Release|x86.ActiveCfg = Release|Win32
		{8D5253EA-4AD9-4DD0-8991-B91D36487826}.Release|x86.Build.0 = Release|Win32
	EndGlobalSection
	GlobalSection(SolutionProperties) = preSolution
		HideSolutionNode = FALSE
	EndGlobalSection
	GlobalSection(ExtensibilityGlobals) = postSolution
		SolutionGuid = {773E9B68-05E3-495C-89BA-35322D05BAD5}
	EndGlobalSection
EndGlobal
