
Microsoft Visual Studio Solution File, Format Version 12.00
# Visual Studio Version 17
VisualStudioVersion = 17.11.35222.181
MinimumVisualStudioVersion = 10.0.40219.1
Project("{FAE04EC0-301F-11D3-BF4B-00C04F79EFBC}") = "OpenPinballDeviceDotNet", "OpenPinballDeviceDotNet.csproj", "{3560AC6A-F2CC-4280-A131-7557844BD4FF}"
EndProject
Project("{FAE04EC0-301F-11D3-BF4B-00C04F79EFBC}") = "Demo", "Demo\Demo.csproj", "{6D9CB100-330D-4E74-9DBE-9FFCD776220D}"
EndProject
Global
	GlobalSection(SolutionConfigurationPlatforms) = preSolution
		Debug|Any CPU = Debug|Any CPU
		Release|Any CPU = Release|Any CPU
	EndGlobalSection
	GlobalSection(ProjectConfigurationPlatforms) = postSolution
		{3560AC6A-F2CC-4280-A131-7557844BD4FF}.Debug|Any CPU.ActiveCfg = Debug|Any CPU
		{3560AC6A-F2CC-4280-A131-7557844BD4FF}.Debug|Any CPU.Build.0 = Debug|Any CPU
		{3560AC6A-F2CC-4280-A131-7557844BD4FF}.Release|Any CPU.ActiveCfg = Release|Any CPU
		{3560AC6A-F2CC-4280-A131-7557844BD4FF}.Release|Any CPU.Build.0 = Release|Any CPU
		{6D9CB100-330D-4E74-9DBE-9FFCD776220D}.Debug|Any CPU.ActiveCfg = Debug|Any CPU
		{6D9CB100-330D-4E74-9DBE-9FFCD776220D}.Debug|Any CPU.Build.0 = Debug|Any CPU
		{6D9CB100-330D-4E74-9DBE-9FFCD776220D}.Release|Any CPU.ActiveCfg = Release|Any CPU
		{6D9CB100-330D-4E74-9DBE-9FFCD776220D}.Release|Any CPU.Build.0 = Release|Any CPU
	EndGlobalSection
	GlobalSection(SolutionProperties) = preSolution
		HideSolutionNode = FALSE
	EndGlobalSection
	GlobalSection(ExtensibilityGlobals) = postSolution
		SolutionGuid = {C1436CDC-9799-42BF-9AD7-3FA4F19A6057}
	EndGlobalSection
EndGlobal
